
Microsoft Visual Studio Solution File, Format Version 12.00
# Visual Studio Version 17
VisualStudioVersion = 17.14.36603.0 d17.14
MinimumVisualStudioVersion = 10.0.40219.1
Project("{FAE04EC0-301F-11D3-BF4B-00C04F79EFBC}") = "HolaMundo_Middleware", "HolaMundo_Middleware\HolaMundo_Middleware.csproj", "{B53037BE-3F9F-4597-BEDA-153B37D7C572}"
EndProject
Project("{FAE04EC0-301F-11D3-BF4B-00C04F79EFBC}") = "HolaMundo_Watchdog", "HolaMundo_Watchdog\HolaMundo_Watchdog.csproj", "{6C0D863F-70B2-4539-BAB8-BE986708B34F}"
EndProject
Project("{FAE04EC0-301F-11D3-BF4B-00C04F79EFBC}") = "HolaMundo_AuthBasic", "HolaMundo_AuthBasic\HolaMundo_AuthBasic.csproj", "{C2CF0241-C63B-462E-814A-FCD5D269A415}"
EndProject
Project("{FAE04EC0-301F-11D3-BF4B-00C04F79EFBC}") = "HolaMundo_Servicio", "HolaMundo_Servicio\HolaMundo_Servicio.csproj", "{5BD87905-1AA2-4ADF-842F-8378A53EE915}"
EndProject
Project("{FAE04EC0-301F-11D3-BF4B-00C04F79EFBC}") = "NotificacionServicio", "NotificacionServicio\NotificacionServicio.csproj", "{82FB4C8A-3C14-406E-BE3A-90345944E2D6}"
EndProject
Project("{FAE04EC0-301F-11D3-BF4B-00C04F79EFBC}") = "HolaMundo_Worker", "HolaMundo_Worker\HolaMundo_Worker.csproj", "{BA0BF0B2-D21B-40B0-A199-9FE4BA30AD01}"
EndProject
Project("{FAE04EC0-301F-11D3-BF4B-00C04F79EFBC}") = "HolaMundo_Jwt", "HolaMundo_Jwt\HolaMundo_Jwt.csproj", "{3D562C11-8E6C-4AA2-B4FE-137DC0F0427E}"
EndProject
Project("{FAE04EC0-301F-11D3-BF4B-00C04F79EFBC}") = "AutorizacionJwtServicio", "AutorizacionJwtServicio\AutorizacionJwtServicio.csproj", "{4DB4B152-3AD4-4916-8D41-F3B9BC10BBCC}"
EndProject
Global
	GlobalSection(SolutionConfigurationPlatforms) = preSolution
		Debug|Any CPU = Debug|Any CPU
		Release|Any CPU = Release|Any CPU
	EndGlobalSection
	GlobalSection(ProjectConfigurationPlatforms) = postSolution
		{B53037BE-3F9F-4597-BEDA-153B37D7C572}.Debug|Any CPU.ActiveCfg = Debug|Any CPU
		{B53037BE-3F9F-4597-BEDA-153B37D7C572}.Debug|Any CPU.Build.0 = Debug|Any CPU
		{B53037BE-3F9F-4597-BEDA-153B37D7C572}.Release|Any CPU.ActiveCfg = Release|Any CPU
		{B53037BE-3F9F-4597-BEDA-153B37D7C572}.Release|Any CPU.Build.0 = Release|Any CPU
		{6C0D863F-70B2-4539-BAB8-BE986708B34F}.Debug|Any CPU.ActiveCfg = Debug|Any CPU
		{6C0D863F-70B2-4539-BAB8-BE986708B34F}.Debug|Any CPU.Build.0 = Debug|Any CPU
		{6C0D863F-70B2-4539-BAB8-BE986708B34F}.Release|Any CPU.ActiveCfg = Release|Any CPU
		{6C0D863F-70B2-4539-BAB8-BE986708B34F}.Release|Any CPU.Build.0 = Release|Any CPU
		{C2CF0241-C63B-462E-814A-FCD5D269A415}.Debug|Any CPU.ActiveCfg = Debug|Any CPU
		{C2CF0241-C63B-462E-814A-FCD5D269A415}.Debug|Any CPU.Build.0 = Debug|Any CPU
		{C2CF0241-C63B-462E-814A-FCD5D269A415}.Release|Any CPU.ActiveCfg = Release|Any CPU
		{C2CF0241-C63B-462E-814A-FCD5D269A415}.Release|Any CPU.Build.0 = Release|Any CPU
		{5BD87905-1AA2-4ADF-842F-8378A53EE915}.Debug|Any CPU.ActiveCfg = Debug|Any CPU
		{5BD87905-1AA2-4ADF-842F-8378A53EE915}.Debug|Any CPU.Build.0 = Debug|Any CPU
		{5BD87905-1AA2-4ADF-842F-8378A53EE915}.Release|Any CPU.ActiveCfg = Release|Any CPU
		{5BD87905-1AA2-4ADF-842F-8378A53EE915}.Release|Any CPU.Build.0 = Release|Any CPU
		{82FB4C8A-3C14-406E-BE3A-90345944E2D6}.Debug|Any CPU.ActiveCfg = Debug|Any CPU
		{82FB4C8A-3C14-406E-BE3A-90345944E2D6}.Debug|Any CPU.Build.0 = Debug|Any CPU
		{82FB4C8A-3C14-406E-BE3A-90345944E2D6}.Release|Any CPU.ActiveCfg = Release|Any CPU
		{82FB4C8A-3C14-406E-BE3A-90345944E2D6}.Release|Any CPU.Build.0 = Release|Any CPU
		{BA0BF0B2-D21B-40B0-A199-9FE4BA30AD01}.Debug|Any CPU.ActiveCfg = Debug|Any CPU
		{BA0BF0B2-D21B-40B0-A199-9FE4BA30AD01}.Debug|Any CPU.Build.0 = Debug|Any CPU
		{BA0BF0B2-D21B-40B0-A199-9FE4BA30AD01}.Release|Any CPU.ActiveCfg = Release|Any CPU
		{BA0BF0B2-D21B-40B0-A199-9FE4BA30AD01}.Release|Any CPU.Build.0 = Release|Any CPU
		{3D562C11-8E6C-4AA2-B4FE-137DC0F0427E}.Debug|Any CPU.ActiveCfg = Debug|Any CPU
		{3D562C11-8E6C-4AA2-B4FE-137DC0F0427E}.Debug|Any CPU.Build.0 = Debug|Any CPU
		{3D562C11-8E6C-4AA2-B4FE-137DC0F0427E}.Release|Any CPU.ActiveCfg = Release|Any CPU
		{3D562C11-8E6C-4AA2-B4FE-137DC0F0427E}.Release|Any CPU.Build.0 = Release|Any CPU
		{4DB4B152-3AD4-4916-8D41-F3B9BC10BBCC}.Debug|Any CPU.ActiveCfg = Debug|Any CPU
		{4DB4B152-3AD4-4916-8D41-F3B9BC10BBCC}.Debug|Any CPU.Build.0 = Debug|Any CPU
		{4DB4B152-3AD4-4916-8D41-F3B9BC10BBCC}.Release|Any CPU.ActiveCfg = Release|Any CPU
		{4DB4B152-3AD4-4916-8D41-F3B9BC10BBCC}.Release|Any CPU.Build.0 = Release|Any CPU
	EndGlobalSection
	GlobalSection(SolutionProperties) = preSolution
		HideSolutionNode = FALSE
	EndGlobalSection
	GlobalSection(ExtensibilityGlobals) = postSolution
		SolutionGuid = {DC74B21C-4D6B-4439-8671-5A5A23A6A605}
	EndGlobalSection
EndGlobal
